
Microsoft Visual Studio Solution File, Format Version 12.00
# Visual Studio 2013
VisualStudioVersion = 12.0.30110.0
MinimumVisualStudioVersion = 10.0.40219.1
Project("{FAE04EC0-301F-11D3-BF4B-00C04F79EFBC}") = "WebApplication", "WebApplication\WebApplication.csproj", "{97514B1C-3DBD-4449-93DD-4448192A10C4}"
EndProject
Project("{2150E333-8FDC-42A3-9474-1A3956D46DE8}") = "Documents", "Documents", "{3F392F76-7D42-4FA4-AFB6-A16A54679C00}"
	ProjectSection(SolutionItems) = preProject
		ReadMe.md = ReadMe.md
	EndProjectSection
EndProject
Project("{2150E333-8FDC-42A3-9474-1A3956D46DE8}") = "Build", "Build", "{8A4499F4-EAA9-4AC6-9DC1-93D9D1655F8F}"
	ProjectSection(SolutionItems) = preProject
		Build\ReadMe.txt = Build\ReadMe.txt
	EndProjectSection
EndProject
Project("{2150E333-8FDC-42A3-9474-1A3956D46DE8}") = "Web", "Web", "{B48A2D0B-812B-4EFE-BF7D-E6E3EE783FB0}"
	ProjectSection(SolutionItems) = preProject
		Build\Web\Microsoft.Web.Publishing.targets = Build\Web\Microsoft.Web.Publishing.targets
	EndProjectSection
EndProject
Project("{2150E333-8FDC-42A3-9474-1A3956D46DE8}") = "WebApplications", "WebApplications", "{4CA9F8C6-2090-4B5D-A4DD-C39331E568BB}"
	ProjectSection(SolutionItems) = preProject
		Build\WebApplications\Microsoft.WebApplication.targets = Build\WebApplications\Microsoft.WebApplication.targets
	EndProjectSection
EndProject
Project("{2150E333-8FDC-42A3-9474-1A3956D46DE8}") = "WebApplication-Publish", "WebApplication-Publish", "{2346455B-B05A-4288-88E1-3659315E858D}"
	ProjectSection(SolutionItems) = preProject
		WebApplication-Publish\ReadMe.txt = WebApplication-Publish\ReadMe.txt
	EndProjectSection
EndProject
Project("{2150E333-8FDC-42A3-9474-1A3956D46DE8}") = "Deploy", "Deploy", "{F060A0EF-4DA3-4D18-827E-E9A47E806129}"
	ProjectSection(SolutionItems) = preProject
		Deploy.cmd = Deploy.cmd
	EndProjectSection
EndProject
Global
	GlobalSection(SolutionConfigurationPlatforms) = preSolution
		Debug|Any CPU = Debug|Any CPU
		Release|Any CPU = Release|Any CPU
	EndGlobalSection
	GlobalSection(ProjectConfigurationPlatforms) = postSolution
		{97514B1C-3DBD-4449-93DD-4448192A10C4}.Debug|Any CPU.ActiveCfg = Debug|Any CPU
		{97514B1C-3DBD-4449-93DD-4448192A10C4}.Debug|Any CPU.Build.0 = Debug|Any CPU
		{97514B1C-3DBD-4449-93DD-4448192A10C4}.Release|Any CPU.ActiveCfg = Release|Any CPU
		{97514B1C-3DBD-4449-93DD-4448192A10C4}.Release|Any CPU.Build.0 = Release|Any CPU
	EndGlobalSection
	GlobalSection(SolutionProperties) = preSolution
		HideSolutionNode = FALSE
	EndGlobalSection
	GlobalSection(NestedProjects) = preSolution
		{B48A2D0B-812B-4EFE-BF7D-E6E3EE783FB0} = {8A4499F4-EAA9-4AC6-9DC1-93D9D1655F8F}
		{4CA9F8C6-2090-4B5D-A4DD-C39331E568BB} = {8A4499F4-EAA9-4AC6-9DC1-93D9D1655F8F}
	EndGlobalSection
EndGlobal
